{
  "object": {
    "pins": [
      {
        "package": "swift-argument-parser",
        "repositoryURL": "https://github.com/apple/swift-argument-parser.git",
        "state": {
          "branch": null,
          "revision": "6b2aa2748a7881eebb9f84fb10c01293e15b52ca",
          "version": "0.5.0"
        }
      },
      {
        "package": "XCResultKit",
        "repositoryURL": "https://github.com/davidahouse/XCResultKit.git",
        "state": {
          "branch": null,
          "revision": "2fe24c2675432c4b8c8d7ab0364e2760190b6fea",
          "version": "0.9.3"
        }
      }
    ]
  },
  "version": 1
}
